
Microsoft Visual Studio Solution File, Format Version 12.00
# Visual Studio Version 17
VisualStudioVersion = 17.4.33205.214
MinimumVisualStudioVersion = 10.0.40219.1
Project("{FAE04EC0-301F-11D3-BF4B-00C04F79EFBC}") = "Wordle5x5CSharp", "Wordle5x5CSharp\Wordle5x5CSharp.csproj", "{1BD7035B-90ED-4835-B619-B91B8285A3F5}"
EndProject
Global
	GlobalSection(SolutionConfigurationPlatforms) = preSolution
		Debug|Any CPU = Debug|Any CPU
		Release|Any CPU = Release|Any CPU
	EndGlobalSection
	GlobalSection(ProjectConfigurationPlatforms) = postSolution
		{1BD7035B-90ED-4835-B619-B91B8285A3F5}.Debug|Any CPU.ActiveCfg = Debug|Any CPU
		{1BD7035B-90ED-4835-B619-B91B8285A3F5}.Debug|Any CPU.Build.0 = Debug|Any CPU
		{1BD7035B-90ED-4835-B619-B91B8285A3F5}.Release|Any CPU.ActiveCfg = Release|Any CPU
		{1BD7035B-90ED-4835-B619-B91B8285A3F5}.Release|Any CPU.Build.0 = Release|Any CPU
	EndGlobalSection
	GlobalSection(SolutionProperties) = preSolution
		HideSolutionNode = FALSE
	EndGlobalSection
	GlobalSection(ExtensibilityGlobals) = postSolution
		SolutionGuid = {71714008-BFA5-439B-A304-52CE1757F21E}
	EndGlobalSection
EndGlobal
